
Microsoft Visual Studio Solution File, Format Version 12.00
# Visual Studio Version 16
VisualStudioVersion = 16.0.30011.22
MinimumVisualStudioVersion = 10.0.40219.1
Project("{FAE04EC0-301F-11D3-BF4B-00C04F79EFBC}") = "Car_Rental_Program", "Car_Rental_Program.csproj", "{197FA5F3-F498-4BBE-BE29-6989ABF6437B}"
EndProject
Project("{FAE04EC0-301F-11D3-BF4B-00C04F79EFBC}") = "VehicleTests", "..\VehicleTests\VehicleTests.csproj", "{D900D8EF-AC8C-4ED5-9F78-59189886E5D8}"
EndProject
Global
	GlobalSection(SolutionConfigurationPlatforms) = preSolution
		Debug|Any CPU = Debug|Any CPU
		Release|Any CPU = Release|Any CPU
	EndGlobalSection
	GlobalSection(ProjectConfigurationPlatforms) = postSolution
		{197FA5F3-F498-4BBE-BE29-6989ABF6437B}.Debug|Any CPU.ActiveCfg = Debug|Any CPU
		{197FA5F3-F498-4BBE-BE29-6989ABF6437B}.Debug|Any CPU.Build.0 = Debug|Any CPU
		{197FA5F3-F498-4BBE-BE29-6989ABF6437B}.Release|Any CPU.ActiveCfg = Release|Any CPU
		{197FA5F3-F498-4BBE-BE29-6989ABF6437B}.Release|Any CPU.Build.0 = Release|Any CPU
		{D900D8EF-AC8C-4ED5-9F78-59189886E5D8}.Debug|Any CPU.ActiveCfg = Debug|Any CPU
		{D900D8EF-AC8C-4ED5-9F78-59189886E5D8}.Debug|Any CPU.Build.0 = Debug|Any CPU
		{D900D8EF-AC8C-4ED5-9F78-59189886E5D8}.Release|Any CPU.ActiveCfg = Release|Any CPU
		{D900D8EF-AC8C-4ED5-9F78-59189886E5D8}.Release|Any CPU.Build.0 = Release|Any CPU
	EndGlobalSection
	GlobalSection(SolutionProperties) = preSolution
		HideSolutionNode = FALSE
	EndGlobalSection
	GlobalSection(ExtensibilityGlobals) = postSolution
		SolutionGuid = {2B3383EE-535B-4308-B427-8F2930216CA2}
	EndGlobalSection
EndGlobal
